
Microsoft Visual Studio Solution File, Format Version 12.00
# Visual Studio Version 17
VisualStudioVersion = 17.9.34902.65
MinimumVisualStudioVersion = 10.0.40219.1
Project("{9A19103F-16F7-4668-BE54-9A1E7A4F7556}") = "OnlinePCShop", "OnlinePCShop\OnlinePCShop.csproj", "{A37EFA50-E66B-4387-BE34-8B6218EF2749}"
EndProject
Global
	GlobalSection(SolutionConfigurationPlatforms) = preSolution
		Debug|Any CPU = Debug|Any CPU
		Release|Any CPU = Release|Any CPU
	EndGlobalSection
	GlobalSection(ProjectConfigurationPlatforms) = postSolution
		{A37EFA50-E66B-4387-BE34-8B6218EF2749}.Debug|Any CPU.ActiveCfg = Debug|Any CPU
		{A37EFA50-E66B-4387-BE34-8B6218EF2749}.Debug|Any CPU.Build.0 = Debug|Any CPU
		{A37EFA50-E66B-4387-BE34-8B6218EF2749}.Release|Any CPU.ActiveCfg = Release|Any CPU
		{A37EFA50-E66B-4387-BE34-8B6218EF2749}.Release|Any CPU.Build.0 = Release|Any CPU
	EndGlobalSection
	GlobalSection(SolutionProperties) = preSolution
		HideSolutionNode = FALSE
	EndGlobalSection
	GlobalSection(ExtensibilityGlobals) = postSolution
		SolutionGuid = {213377C9-A579-4C9D-BCC3-2C5D721E68F1}
	EndGlobalSection
EndGlobal
